// !$*UTF8*$!
{
	archiveVersion = 1;
	classes = {
	};
	objectVersion = 46;
	objects = {

/* Begin PBXBuildFile section */
		C8607FEA23A10D7800AD9E3C /* Pods_popGround.framework in Frameworks */ = {isa = PBXBuildFile; fileRef = 18AAA4B06BAE641E53DFF68D /* Pods_popGround.framework */; };
		C8C7550E1B16EDE30021A4F5 /* AppDelegate.swift in Sources */ = {isa = PBXBuildFile; fileRef = C8C7550D1B16EDE30021A4F5 /* AppDelegate.swift */; };
		C8C755101B16EDE30021A4F5 /* ViewController.swift in Sources */ = {isa = PBXBuildFile; fileRef = C8C7550F1B16EDE30021A4F5 /* ViewController.swift */; };
		C8C755121B16EDE30021A4F5 /* Images.xcassets in Resources */ = {isa = PBXBuildFile; fileRef = C8C755111B16EDE30021A4F5 /* Images.xcassets */; };
		C8C755151B16EDE30021A4F5 /* Main.storyboard in Resources */ = {isa = PBXBuildFile; fileRef = C8C755131B16EDE30021A4F5 /* Main.storyboard */; };
		C8C755411B192F3C0021A4F5 /* Podfile in Resources */ = {isa = PBXBuildFile; fileRef = C8C755401B192F3C0021A4F5 /* Podfile */; };
/* End PBXBuildFile section */

/* Begin PBXFileReference section */
		18AAA4B06BAE641E53DFF68D /* Pods_popGround.framework */ = {isa = PBXFileReference; explicitFileType = wrapper.framework; includeInIndex = 0; path = Pods_popGround.framework; sourceTree = BUILT_PRODUCTS_DIR; };
		1B061817BEB4EAAF11EFA468 /* Pods-popGround.release.xcconfig */ = {isa = PBXFileReference; includeInIndex = 1; lastKnownFileType = text.xcconfig; name = "Pods-popGround.release.xcconfig"; path = "Target Support Files/Pods-popGround/Pods-popGround.release.xcconfig"; sourceTree = "<group>"; };
		273CE2BB8E66024078483C01 /* Pods-popGroundTests.release.xcconfig */ = {isa = PBXFileReference; includeInIndex = 1; lastKnownFileType = text.xcconfig; name = "Pods-popGroundTests.release.xcconfig"; path = "Target Support Files/Pods-popGroundTests/Pods-popGroundTests.release.xcconfig"; sourceTree = "<group>"; };
		C8C755081B16EDE30021A4F5 /* popGround.app */ = {isa = PBXFileReference; explicitFileType = wrapper.application; includeInIndex = 0; path = popGround.app; sourceTree = BUILT_PRODUCTS_DIR; };
		C8C7550C1B16EDE30021A4F5 /* Info.plist */ = {isa = PBXFileReference; lastKnownFileType = text.plist.xml; path = Info.plist; sourceTree = "<group>"; };
		C8C7550D1B16EDE30021A4F5 /* AppDelegate.swift */ = {isa = PBXFileReference; lastKnownFileType = sourcecode.swift; path = AppDelegate.swift; sourceTree = "<group>"; };
		C8C7550F1B16EDE30021A4F5 /* ViewController.swift */ = {isa = PBXFileReference; lastKnownFileType = sourcecode.swift; path = ViewController.swift; sourceTree = "<group>"; };
		C8C755111B16EDE30021A4F5 /* Images.xcassets */ = {isa = PBXFileReference; lastKnownFileType = folder.assetcatalog; path = Images.xcassets; sourceTree = "<group>"; };
		C8C755141B16EDE30021A4F5 /* Base */ = {isa = PBXFileReference; lastKnownFileType = file.storyboard; name = Base; path = Base.lproj/Main.storyboard; sourceTree = "<group>"; };
		C8C7551F1B16EDE30021A4F5 /* Info.plist */ = {isa = PBXFileReference; lastKnownFileType = text.plist.xml; path = Info.plist; sourceTree = "<group>"; };
		C8C755201B16EDE30021A4F5 /* popGroundTests.swift */ = {isa = PBXFileReference; lastKnownFileType = sourcecode.swift; path = popGroundTests.swift; sourceTree = "<group>"; };
		C8C755401B192F3C0021A4F5 /* Podfile */ = {isa = PBXFileReference; fileEncoding = 4; lastKnownFileType = text; path = Podfile; sourceTree = "<group>"; };
		C8C755421B1930960021A4F5 /* popGround-Bridging-Header.h */ = {isa = PBXFileReference; lastKnownFileType = sourcecode.c.h; path = "popGround-Bridging-Header.h"; sourceTree = SOURCE_ROOT; };
		D90688870F738FFD3BC07304 /* Pods_popGroundTests.framework */ = {isa = PBXFileReference; explicitFileType = wrapper.framework; includeInIndex = 0; path = Pods_popGroundTests.framework; sourceTree = BUILT_PRODUCTS_DIR; };
		E6C8CBBDEFE13C66106FDB23 /* Pods-popGroundTests.debug.xcconfig */ = {isa = PBXFileReference; includeInIndex = 1; lastKnownFileType = text.xcconfig; name = "Pods-popGroundTests.debug.xcconfig"; path = "Target Support Files/Pods-popGroundTests/Pods-popGroundTests.debug.xcconfig"; sourceTree = "<group>"; };
		E89155EE4E22C457AC42A625 /* Pods-popGround.debug.xcconfig */ = {isa = PBXFileReference; includeInIndex = 1; lastKnownFileType = text.xcconfig; name = "Pods-popGround.debug.xcconfig"; path = "Target Support Files/Pods-popGround/Pods-popGround.debug.xcconfig"; sourceTree = "<group>"; };
/* End PBXFileReference section */

/* Begin PBXFrameworksBuildPhase section */
		C8C755051B16EDE30021A4F5 /* Frameworks */ = {
			isa = PBXFrameworksBuildPhase;
			buildActionMask = 2147483647;
			files = (
				C8607FEA23A10D7800AD9E3C /* Pods_popGround.framework in Frameworks */,
			);
			runOnlyForDeploymentPostprocessing = 0;
		};
/* End PBXFrameworksBuildPhase section */

/* Begin PBXGroup section */
		4A1784D384B2A79A2E9EEE89 /* Pods */ = {
			isa = PBXGroup;
			children = (
				E89155EE4E22C457AC42A625 /* Pods-popGround.debug.xcconfig */,
				1B061817BEB4EAAF11EFA468 /* Pods-popGround.release.xcconfig */,
				E6C8CBBDEFE13C66106FDB23 /* Pods-popGroundTests.debug.xcconfig */,
				273CE2BB8E66024078483C01 /* Pods-popGroundTests.release.xcconfig */,
			);
			path = Pods;
			sourceTree = "<group>";
		};
		4F39E9E1DFC973E2DB0214B5 /* Frameworks */ = {
			isa = PBXGroup;
			children = (
				18AAA4B06BAE641E53DFF68D /* Pods_popGround.framework */,
				D90688870F738FFD3BC07304 /* Pods_popGroundTests.framework */,
			);
			name = Frameworks;
			sourceTree = "<group>";
		};
		C8C754FF1B16EDE30021A4F5 = {
			isa = PBXGroup;
			children = (
				C8C755401B192F3C0021A4F5 /* Podfile */,
				C8C7550A1B16EDE30021A4F5 /* popGround */,
				C8C7551D1B16EDE30021A4F5 /* popGroundTests */,
				C8C755091B16EDE30021A4F5 /* Products */,
				4A1784D384B2A79A2E9EEE89 /* Pods */,
				4F39E9E1DFC973E2DB0214B5 /* Frameworks */,
			);
			sourceTree = "<group>";
		};
		C8C755091B16EDE30021A4F5 /* Products */ = {
			isa = PBXGroup;
			children = (
				C8C755081B16EDE30021A4F5 /* popGround.app */,
			);
			name = Products;
			sourceTree = "<group>";
		};
		C8C7550A1B16EDE30021A4F5 /* popGround */ = {
			isa = PBXGroup;
			children = (
				C8C755421B1930960021A4F5 /* popGround-Bridging-Header.h */,
				C8C7550D1B16EDE30021A4F5 /* AppDelegate.swift */,
				C8C7550F1B16EDE30021A4F5 /* ViewController.swift */,
				C8C755111B16EDE30021A4F5 /* Images.xcassets */,
				C8C755131B16EDE30021A4F5 /* Main.storyboard */,
				C8C7550B1B16EDE30021A4F5 /* Supporting Files */,
			);
			path = popGround;
			sourceTree = "<group>";
		};
		C8C7550B1B16EDE30021A4F5 /* Supporting Files */ = {
			isa = PBXGroup;
			children = (
				C8C7550C1B16EDE30021A4F5 /* Info.plist */,
			);
			name = "Supporting Files";
			sourceTree = "<group>";
		};
		C8C7551D1B16EDE30021A4F5 /* popGroundTests */ = {
			isa = PBXGroup;
			children = (
				C8C755201B16EDE30021A4F5 /* popGroundTests.swift */,
				C8C7551E1B16EDE30021A4F5 /* Supporting Files */,
			);
			path = popGroundTests;
			sourceTree = "<group>";
		};
		C8C7551E1B16EDE30021A4F5 /* Supporting Files */ = {
			isa = PBXGroup;
			children = (
				C8C7551F1B16EDE30021A4F5 /* Info.plist */,
			);
			name = "Supporting Files";
			sourceTree = "<group>";
		};
/* End PBXGroup section */

/* Begin PBXNativeTarget section */
		C8C755071B16EDE30021A4F5 /* popGround */ = {
			isa = PBXNativeTarget;
			buildConfigurationList = C8C755241B16EDE30021A4F5 /* Build configuration list for PBXNativeTarget "popGround" */;
			buildPhases = (
				50D3D6CF65E2AD410E338660 /* [CP] Check Pods Manifest.lock */,
				C8C755041B16EDE30021A4F5 /* Sources */,
				C8C755051B16EDE30021A4F5 /* Frameworks */,
				C8C755061B16EDE30021A4F5 /* Resources */,
				AAF66809C9194D2E1E16A7EA /* [CP] Embed Pods Frameworks */,
			);
			buildRules = (
			);
			dependencies = (
			);
			name = popGround;
			productName = popGround;
			productReference = C8C755081B16EDE30021A4F5 /* popGround.app */;
			productType = "com.apple.product-type.application";
		};
/* End PBXNativeTarget section */

/* Begin PBXProject section */
		C8C755001B16EDE30021A4F5 /* Project object */ = {
			isa = PBXProject;
			attributes = {
				LastUpgradeCheck = 0630;
				ORGANIZATIONNAME = "Morten Just Petersen";
				TargetAttributes = {
					C8C755071B16EDE30021A4F5 = {
						CreatedOnToolsVersion = 6.3.2;
					};
				};
			};
			buildConfigurationList = C8C755031B16EDE30021A4F5 /* Build configuration list for PBXProject "popGround" */;
			compatibilityVersion = "Xcode 3.2";
			developmentRegion = English;
			hasScannedForEncodings = 0;
			knownRegions = (
				English,
				en,
				Base,
			);
			mainGroup = C8C754FF1B16EDE30021A4F5;
			productRefGroup = C8C755091B16EDE30021A4F5 /* Products */;
			projectDirPath = "";
			projectRoot = "";
			targets = (
				C8C755071B16EDE30021A4F5 /* popGround */,
			);
		};
/* End PBXProject section */

/* Begin PBXResourcesBuildPhase section */
		C8C755061B16EDE30021A4F5 /* Resources */ = {
			isa = PBXResourcesBuildPhase;
			buildActionMask = 2147483647;
			files = (
				C8C755411B192F3C0021A4F5 /* Podfile in Resources */,
				C8C755121B16EDE30021A4F5 /* Images.xcassets in Resources */,
				C8C755151B16EDE30021A4F5 /* Main.storyboard in Resources */,
			);
			runOnlyForDeploymentPostprocessing = 0;
		};
/* End PBXResourcesBuildPhase section */

/* Begin PBXShellScriptBuildPhase section */
		50D3D6CF65E2AD410E338660 /* [CP] Check Pods Manifest.lock */ = {
			isa = PBXShellScriptBuildPhase;
			buildActionMask = 2147483647;
			files = (
			);
			inputFileListPaths = (
			);
			inputPaths = (
				"${PODS_PODFILE_DIR_PATH}/Podfile.lock",
				"${PODS_ROOT}/Manifest.lock",
			);
			name = "[CP] Check Pods Manifest.lock";
			outputFileListPaths = (
			);
			outputPaths = (
				"$(DERIVED_FILE_DIR)/Pods-popGround-checkManifestLockResult.txt",
			);
			runOnlyForDeploymentPostprocessing = 0;
			shellPath = /bin/sh;
			shellScript = "diff \"${PODS_PODFILE_DIR_PATH}/Podfile.lock\" \"${PODS_ROOT}/Manifest.lock\" > /dev/null\nif [ $? != 0 ] ; then\n    # print error to STDERR\n    echo \"error: The sandbox is not in sync with the Podfile.lock. Run 'pod install' or update your CocoaPods installation.\" >&2\n    exit 1\nfi\n# This output is used by Xcode 'outputs' to avoid re-running this script phase.\necho \"SUCCESS\" > \"${SCRIPT_OUTPUT_FILE_0}\"\n";
			showEnvVarsInLog = 0;
		};
		AAF66809C9194D2E1E16A7EA /* [CP] Embed Pods Frameworks */ = {
			isa = PBXShellScriptBuildPhase;
			buildActionMask = 2147483647;
			files = (
			);
			inputPaths = (
				"${PODS_ROOT}/Target Support Files/Pods-popGround/Pods-popGround-frameworks.sh",
				"${BUILT_PRODUCTS_DIR}/pop/pop.framework",
			);
			name = "[CP] Embed Pods Frameworks";
			outputPaths = (
				"${TARGET_BUILD_DIR}/${FRAMEWORKS_FOLDER_PATH}/pop.framework",
			);
			runOnlyForDeploymentPostprocessing = 0;
			shellPath = /bin/sh;
			shellScript = "\"${PODS_ROOT}/Target Support Files/Pods-popGround/Pods-popGround-frameworks.sh\"\n";
			showEnvVarsInLog = 0;
		};
/* End PBXShellScriptBuildPhase section */

/* Begin PBXSourcesBuildPhase section */
		C8C755041B16EDE30021A4F5 /* Sources */ = {
			isa = PBXSourcesBuildPhase;
			buildActionMask = 2147483647;
			files = (
				C8C755101B16EDE30021A4F5 /* ViewController.swift in Sources */,
				C8C7550E1B16EDE30021A4F5 /* AppDelegate.swift in Sources */,
			);
			runOnlyForDeploymentPostprocessing = 0;
		};
/* End PBXSourcesBuildPhase section */

/* Begin PBXVariantGroup section */
		C8C755131B16EDE30021A4F5 /* Main.storyboard */ = {
			isa = PBXVariantGroup;
			children = (
				C8C755141B16EDE30021A4F5 /* Base */,
			);
			name = Main.storyboard;
			sourceTree = "<group>";
		};
/* End PBXVariantGroup section */

/* Begin XCBuildConfiguration section */
		C8C755221B16EDE30021A4F5 /* Debug */ = {
			isa = XCBuildConfiguration;
			buildSettings = {
				ALWAYS_SEARCH_USER_PATHS = NO;
				CLANG_CXX_LANGUAGE_STANDARD = "gnu++0x";
				CLANG_CXX_LIBRARY = "libc++";
				CLANG_ENABLE_MODULES = YES;
				CLANG_ENABLE_OBJC_ARC = YES;
				CLANG_WARN_BOOL_CONVERSION = YES;
				CLANG_WARN_CONSTANT_CONVERSION = YES;
				CLANG_WARN_DIRECT_OBJC_ISA_USAGE = YES_ERROR;
				CLANG_WARN_EMPTY_BODY = YES;
				CLANG_WARN_ENUM_CONVERSION = YES;
				CLANG_WARN_INT_CONVERSION = YES;
				CLANG_WARN_OBJC_ROOT_CLASS = YES_ERROR;
				CLANG_WARN_UNREACHABLE_CODE = YES;
				CLANG_WARN__DUPLICATE_METHOD_MATCH = YES;
				CODE_SIGN_IDENTITY = "-";
				COPY_PHASE_STRIP = NO;
				DEBUG_INFORMATION_FORMAT = dwarf;
				ENABLE_STRICT_OBJC_MSGSEND = YES;
				GCC_C_LANGUAGE_STANDARD = gnu99;
				GCC_DYNAMIC_NO_PIC = NO;
				GCC_NO_COMMON_BLOCKS = YES;
				GCC_OPTIMIZATION_LEVEL = 0;
				GCC_PREPROCESSOR_DEFINITIONS = (
					"DEBUG=1",
					"$(inherited)",
				);
				GCC_SYMBOLS_PRIVATE_EXTERN = NO;
				GCC_WARN_64_TO_32_BIT_CONVERSION = YES;
				GCC_WARN_ABOUT_RETURN_TYPE = YES_ERROR;
				GCC_WARN_UNDECLARED_SELECTOR = YES;
				GCC_WARN_UNINITIALIZED_AUTOS = YES_AGGRESSIVE;
				GCC_WARN_UNUSED_FUNCTION = YES;
				GCC_WARN_UNUSED_VARIABLE = YES;
				MACOSX_DEPLOYMENT_TARGET = 10.10;
				MTL_ENABLE_DEBUG_INFO = YES;
				ONLY_ACTIVE_ARCH = YES;
				SDKROOT = macosx;
				SWIFT_OPTIMIZATION_LEVEL = "-Onone";
			};
			name = Debug;
		};
		C8C755231B16EDE30021A4F5 /* Release */ = {
			isa = XCBuildConfiguration;
			buildSettings = {
				ALWAYS_SEARCH_USER_PATHS = NO;
				CLANG_CXX_LANGUAGE_STANDARD = "gnu++0x";
				CLANG_CXX_LIBRARY = "libc++";
				CLANG_ENABLE_MODULES = YES;
				CLANG_ENABLE_OBJC_ARC = YES;
				CLANG_WARN_BOOL_CONVERSION = YES;
				CLANG_WARN_CONSTANT_CONVERSION = YES;
				CLANG_WARN_DIRECT_OBJC_ISA_USAGE = YES_ERROR;
				CLANG_WARN_EMPTY_BODY = YES;
				CLANG_WARN_ENUM_CONVERSION = YES;
				CLANG_WARN_INT_CONVERSION = YES;
				CLANG_WARN_OBJC_ROOT_CLASS = YES_ERROR;
				CLANG_WARN_UNREACHABLE_CODE = YES;
				CLANG_WARN__DUPLICATE_METHOD_MATCH = YES;
				CODE_SIGN_IDENTITY = "-";
				COPY_PHASE_STRIP = NO;
				DEBUG_INFORMATION_FORMAT = "dwarf-with-dsym";
				ENABLE_NS_ASSERTIONS = NO;
				ENABLE_STRICT_OBJC_MSGSEND = YES;
				GCC_C_LANGUAGE_STANDARD = gnu99;
				GCC_NO_COMMON_BLOCKS = YES;
				GCC_WARN_64_TO_32_BIT_CONVERSION = YES;
				GCC_WARN_ABOUT_RETURN_TYPE = YES_ERROR;
				GCC_WARN_UNDECLARED_SELECTOR = YES;
				GCC_WARN_UNINITIALIZED_AUTOS = YES_AGGRESSIVE;
				GCC_WARN_UNUSED_FUNCTION = YES;
				GCC_WARN_UNUSED_VARIABLE = YES;
				MACOSX_DEPLOYMENT_TARGET = 10.10;
				MTL_ENABLE_DEBUG_INFO = NO;
				SDKROOT = macosx;
			};
			name = Release;
		};
		C8C755251B16EDE30021A4F5 /* Debug */ = {
			isa = XCBuildConfiguration;
			baseConfigurationReference = E89155EE4E22C457AC42A625 /* Pods-popGround.debug.xcconfig */;
			buildSettings = {
				ASSETCATALOG_COMPILER_APPICON_NAME = AppIcon;
				CLANG_ENABLE_MODULES = YES;
				COMBINE_HIDPI_IMAGES = YES;
				INFOPLIST_FILE = popGround/Info.plist;
				LD_RUNPATH_SEARCH_PATHS = "$(inherited) @executable_path/../Frameworks";
				PRODUCT_NAME = "$(TARGET_NAME)";
				SWIFT_OBJC_BRIDGING_HEADER = "popGround-Bridging-Header.h";
				SWIFT_OPTIMIZATION_LEVEL = "-Onone";
				SWIFT_VERSION = 5.0;
			};
			name = Debug;
		};
		C8C755261B16EDE30021A4F5 /* Release */ = {
			isa = XCBuildConfiguration;
			baseConfigurationReference = 1B061817BEB4EAAF11EFA468 /* Pods-popGround.release.xcconfig */;
			buildSettings = {
				ASSETCATALOG_COMPILER_APPICON_NAME = AppIcon;
				CLANG_ENABLE_MODULES = YES;
				COMBINE_HIDPI_IMAGES = YES;
				INFOPLIST_FILE = popGround/Info.plist;
				LD_RUNPATH_SEARCH_PATHS = "$(inherited) @executable_path/../Frameworks";
				PRODUCT_NAME = "$(TARGET_NAME)";
				SWIFT_OBJC_BRIDGING_HEADER = "popGround-Bridging-Header.h";
				SWIFT_VERSION = 5.0;
			};
			name = Release;
		};
/* End XCBuildConfiguration section */

/* Begin XCConfigurationList section */
		C8C755031B16EDE30021A4F5 /* Build configuration list for PBXProject "popGround" */ = {
			isa = XCConfigurationList;
			buildConfigurations = (
				C8C755221B16EDE30021A4F5 /* Debug */,
				C8C755231B16EDE30021A4F5 /* Release */,
			);
			defaultConfigurationIsVisible = 0;
			defaultConfigurationName = Release;
		};
		C8C755241B16EDE30021A4F5 /* Build configuration list for PBXNativeTarget "popGround" */ = {
			isa = XCConfigurationList;
			buildConfigurations = (
				C8C755251B16EDE30021A4F5 /* Debug */,
				C8C755261B16EDE30021A4F5 /* Release */,
			);
			defaultConfigurationIsVisible = 0;
			defaultConfigurationName = Release;
		};
/* End XCConfigurationList section */
	};
	rootObject = C8C755001B16EDE30021A4F5 /* Project object */;
}
